// !$*UTF8*$!
{
	archiveVersion = 1;
	classes = {
	};
	objectVersion = 50;
	objects = {

/* Begin PBXBuildFile section */
		859A0CFA78E272CB951F562C /* Pods_WallaMarvel.framework in Frameworks */ = {isa = PBXBuildFile; fileRef = A97F3874FBF0F35BC32BF6B8 /* Pods_WallaMarvel.framework */; };
		DB4B342F21637E7D005709E3 /* AppDelegate.swift in Sources */ = {isa = PBXBuildFile; fileRef = DB4B342E21637E7D005709E3 /* AppDelegate.swift */; };
		DB4B343121637E7D005709E3 /* ViewController.swift in Sources */ = {isa = PBXBuildFile; fileRef = DB4B343021637E7D005709E3 /* ViewController.swift */; };
		DB4B343421637E7D005709E3 /* Main.storyboard in Resources */ = {isa = PBXBuildFile; fileRef = DB4B343221637E7D005709E3 /* Main.storyboard */; };
		DB4B343621637E7F005709E3 /* Assets.xcassets in Resources */ = {isa = PBXBuildFile; fileRef = DB4B343521637E7F005709E3 /* Assets.xcassets */; };
		DB4B343921637E7F005709E3 /* LaunchScreen.storyboard in Resources */ = {isa = PBXBuildFile; fileRef = DB4B343721637E7F005709E3 /* LaunchScreen.storyboard */; };
		DB4B344121637ED5005709E3 /* Podfile in Resources */ = {isa = PBXBuildFile; fileRef = DB4B344021637ED5005709E3 /* Podfile */; };
/* End PBXBuildFile section */

/* Begin PBXFileReference section */
		1F922AF8B49D9539E7DC8315 /* Pods-WallaMarvel.release.xcconfig */ = {isa = PBXFileReference; includeInIndex = 1; lastKnownFileType = text.xcconfig; name = "Pods-WallaMarvel.release.xcconfig"; path = "Pods/Target Support Files/Pods-WallaMarvel/Pods-WallaMarvel.release.xcconfig"; sourceTree = "<group>"; };
		609A88AB3BFA136327347788 /* Pods-WallaMarvel.debug.xcconfig */ = {isa = PBXFileReference; includeInIndex = 1; lastKnownFileType = text.xcconfig; name = "Pods-WallaMarvel.debug.xcconfig"; path = "Pods/Target Support Files/Pods-WallaMarvel/Pods-WallaMarvel.debug.xcconfig"; sourceTree = "<group>"; };
		A97F3874FBF0F35BC32BF6B8 /* Pods_WallaMarvel.framework */ = {isa = PBXFileReference; explicitFileType = wrapper.framework; includeInIndex = 0; path = Pods_WallaMarvel.framework; sourceTree = BUILT_PRODUCTS_DIR; };
		DB4B342B21637E7D005709E3 /* WallaMarvel.app */ = {isa = PBXFileReference; explicitFileType = wrapper.application; includeInIndex = 0; path = WallaMarvel.app; sourceTree = BUILT_PRODUCTS_DIR; };
		DB4B342E21637E7D005709E3 /* AppDelegate.swift */ = {isa = PBXFileReference; lastKnownFileType = sourcecode.swift; path = AppDelegate.swift; sourceTree = "<group>"; };
		DB4B343021637E7D005709E3 /* ViewController.swift */ = {isa = PBXFileReference; lastKnownFileType = sourcecode.swift; path = ViewController.swift; sourceTree = "<group>"; };
		DB4B343321637E7D005709E3 /* Base */ = {isa = PBXFileReference; lastKnownFileType = file.storyboard; name = Base; path = Base.lproj/Main.storyboard; sourceTree = "<group>"; };
		DB4B343521637E7F005709E3 /* Assets.xcassets */ = {isa = PBXFileReference; lastKnownFileType = folder.assetcatalog; path = Assets.xcassets; sourceTree = "<group>"; };
		DB4B343821637E7F005709E3 /* Base */ = {isa = PBXFileReference; lastKnownFileType = file.storyboard; name = Base; path = Base.lproj/LaunchScreen.storyboard; sourceTree = "<group>"; };
		DB4B343A21637E7F005709E3 /* Info.plist */ = {isa = PBXFileReference; lastKnownFileType = text.plist.xml; path = Info.plist; sourceTree = "<group>"; };
		DB4B344021637ED5005709E3 /* Podfile */ = {isa = PBXFileReference; fileEncoding = 4; lastKnownFileType = text; path = Podfile; sourceTree = "<group>"; };
/* End PBXFileReference section */

/* Begin PBXFrameworksBuildPhase section */
		DB4B342821637E7D005709E3 /* Frameworks */ = {
			isa = PBXFrameworksBuildPhase;
			buildActionMask = 2147483647;
			files = (
				859A0CFA78E272CB951F562C /* Pods_WallaMarvel.framework in Frameworks */,
			);
			runOnlyForDeploymentPostprocessing = 0;
		};
/* End PBXFrameworksBuildPhase section */

/* Begin PBXGroup section */
		16B1A4CE98E06E3B01F47DC2 /* Pods */ = {
			isa = PBXGroup;
			children = (
				609A88AB3BFA136327347788 /* Pods-WallaMarvel.debug.xcconfig */,
				1F922AF8B49D9539E7DC8315 /* Pods-WallaMarvel.release.xcconfig */,
			);
			name = Pods;
			sourceTree = "<group>";
		};
		1723F7E50F78D1DFB6C7519E /* Frameworks */ = {
			isa = PBXGroup;
			children = (
				A97F3874FBF0F35BC32BF6B8 /* Pods_WallaMarvel.framework */,
			);
			name = Frameworks;
			sourceTree = "<group>";
		};
		DB4B342221637E7D005709E3 = {
			isa = PBXGroup;
			children = (
				DB4B344021637ED5005709E3 /* Podfile */,
				DB4B342D21637E7D005709E3 /* WallaMarvel */,
				DB4B342C21637E7D005709E3 /* Products */,
				16B1A4CE98E06E3B01F47DC2 /* Pods */,
				1723F7E50F78D1DFB6C7519E /* Frameworks */,
			);
			sourceTree = "<group>";
		};
		DB4B342C21637E7D005709E3 /* Products */ = {
			isa = PBXGroup;
			children = (
				DB4B342B21637E7D005709E3 /* WallaMarvel.app */,
			);
			name = Products;
			sourceTree = "<group>";
		};
		DB4B342D21637E7D005709E3 /* WallaMarvel */ = {
			isa = PBXGroup;
			children = (
				DB4B342E21637E7D005709E3 /* AppDelegate.swift */,
				DB4B343021637E7D005709E3 /* ViewController.swift */,
				DB4B343221637E7D005709E3 /* Main.storyboard */,
				DB4B343521637E7F005709E3 /* Assets.xcassets */,
				DB4B343721637E7F005709E3 /* LaunchScreen.storyboard */,
				DB4B343A21637E7F005709E3 /* Info.plist */,
			);
			path = WallaMarvel;
			sourceTree = "<group>";
		};
/* End PBXGroup section */

/* Begin PBXNativeTarget section */
		DB4B342A21637E7D005709E3 /* WallaMarvel */ = {
			isa = PBXNativeTarget;
			buildConfigurationList = DB4B343D21637E7F005709E3 /* Build configuration list for PBXNativeTarget "WallaMarvel" */;
			buildPhases = (
				9C317A0D737E63960E4B7BC0 /* [CP] Check Pods Manifest.lock */,
				DB4B342721637E7D005709E3 /* Sources */,
				DB4B342821637E7D005709E3 /* Frameworks */,
				DB4B342921637E7D005709E3 /* Resources */,
			);
			buildRules = (
			);
			dependencies = (
			);
			name = WallaMarvel;
			productName = WallaMarvel;
			productReference = DB4B342B21637E7D005709E3 /* WallaMarvel.app */;
			productType = "com.apple.product-type.application";
		};
/* End PBXNativeTarget section */

/* Begin PBXProject section */
		DB4B342321637E7D005709E3 /* Project object */ = {
			isa = PBXProject;
			attributes = {
				LastSwiftUpdateCheck = 1000;
				LastUpgradeCheck = 1000;
				ORGANIZATIONNAME = "Mario Plaza";
				TargetAttributes = {
					DB4B342A21637E7D005709E3 = {
						CreatedOnToolsVersion = 10.0;
					};
				};
			};
			buildConfigurationList = DB4B342621637E7D005709E3 /* Build configuration list for PBXProject "WallaMarvel" */;
			compatibilityVersion = "Xcode 9.3";
			developmentRegion = en;
			hasScannedForEncodings = 0;
			knownRegions = (
				en,
				Base,
			);
			mainGroup = DB4B342221637E7D005709E3;
			productRefGroup = DB4B342C21637E7D005709E3 /* Products */;
			projectDirPath = "";
			projectRoot = "";
			targets = (
				DB4B342A21637E7D005709E3 /* WallaMarvel */,
			);
		};
/* End PBXProject section */

/* Begin PBXResourcesBuildPhase section */
		DB4B342921637E7D005709E3 /* Resources */ = {
			isa = PBXResourcesBuildPhase;
			buildActionMask = 2147483647;
			files = (
				DB4B343921637E7F005709E3 /* LaunchScreen.storyboard in Resources */,
				DB4B343621637E7F005709E3 /* Assets.xcassets in Resources */,
				DB4B344121637ED5005709E3 /* Podfile in Resources */,
				DB4B343421637E7D005709E3 /* Main.storyboard in Resources */,
			);
			runOnlyForDeploymentPostprocessing = 0;
		};
/* End PBXResourcesBuildPhase section */

/* Begin PBXShellScriptBuildPhase section */
		9C317A0D737E63960E4B7BC0 /* [CP] Check Pods Manifest.lock */ = {
			isa = PBXShellScriptBuildPhase;
			buildActionMask = 2147483647;
			files = (
			);
			inputFileListPaths = (
			);
			inputPaths = (
				"${PODS_PODFILE_DIR_PATH}/Podfile.lock",
				"${PODS_ROOT}/Manifest.lock",
			);
			name = "[CP] Check Pods Manifest.lock";
			outputFileListPaths = (
			);
			outputPaths = (
				"$(DERIVED_FILE_DIR)/Pods-WallaMarvel-checkManifestLockResult.txt",
			);
			runOnlyForDeploymentPostprocessing = 0;
			shellPath = /bin/sh;
			shellScript = "diff \"${PODS_PODFILE_DIR_PATH}/Podfile.lock\" \"${PODS_ROOT}/Manifest.lock\" > /dev/null\nif [ $? != 0 ] ; then\n    # print error to STDERR\n    echo \"error: The sandbox is not in sync with the Podfile.lock. Run 'pod install' or update your CocoaPods installation.\" >&2\n    exit 1\nfi\n# This output is used by Xcode 'outputs' to avoid re-running this script phase.\necho \"SUCCESS\" > \"${SCRIPT_OUTPUT_FILE_0}\"\n";
			showEnvVarsInLog = 0;
		};
/* End PBXShellScriptBuildPhase section */

/* Begin PBXSourcesBuildPhase section */
		DB4B342721637E7D005709E3 /* Sources */ = {
			isa = PBXSourcesBuildPhase;
			buildActionMask = 2147483647;
			files = (
				DB4B343121637E7D005709E3 /* ViewController.swift in Sources */,
				DB4B342F21637E7D005709E3 /* AppDelegate.swift in Sources */,
			);
			runOnlyForDeploymentPostprocessing = 0;
		};
/* End PBXSourcesBuildPhase section */

/* Begin PBXVariantGroup section */
		DB4B343221637E7D005709E3 /* Main.storyboard */ = {
			isa = PBXVariantGroup;
			children = (
				DB4B343321637E7D005709E3 /* Base */,
			);
			name = Main.storyboard;
			sourceTree = "<group>";
		};
		DB4B343721637E7F005709E3 /* LaunchScreen.storyboard */ = {
			isa = PBXVariantGroup;
			children = (
				DB4B343821637E7F005709E3 /* Base */,
			);
			name = LaunchScreen.storyboard;
			sourceTree = "<group>";
		};
/* End PBXVariantGroup section */

/* Begin XCBuildConfiguration section */
		DB4B343B21637E7F005709E3 /* Debug */ = {
			isa = XCBuildConfiguration;
			buildSettings = {
				ALWAYS_SEARCH_USER_PATHS = NO;
				CLANG_ANALYZER_NONNULL = YES;
				CLANG_ANALYZER_NUMBER_OBJECT_CONVERSION = YES_AGGRESSIVE;
				CLANG_CXX_LANGUAGE_STANDARD = "gnu++14";
				CLANG_CXX_LIBRARY = "libc++";
				CLANG_ENABLE_MODULES = YES;
				CLANG_ENABLE_OBJC_ARC = YES;
				CLANG_ENABLE_OBJC_WEAK = YES;
				CLANG_WARN_BLOCK_CAPTURE_AUTORELEASING = YES;
				CLANG_WARN_BOOL_CONVERSION = YES;
				CLANG_WARN_COMMA = YES;
				CLANG_WARN_CONSTANT_CONVERSION = YES;
				CLANG_WARN_DEPRECATED_OBJC_IMPLEMENTATIONS = YES;
				CLANG_WARN_DIRECT_OBJC_ISA_USAGE = YES_ERROR;
				CLANG_WARN_DOCUMENTATION_COMMENTS = YES;
				CLANG_WARN_EMPTY_BODY = YES;
				CLANG_WARN_ENUM_CONVERSION = YES;
				CLANG_WARN_INFINITE_RECURSION = YES;
				CLANG_WARN_INT_CONVERSION = YES;
				CLANG_WARN_NON_LITERAL_NULL_CONVERSION = YES;
				CLANG_WARN_OBJC_IMPLICIT_RETAIN_SELF = YES;
				CLANG_WARN_OBJC_LITERAL_CONVERSION = YES;
				CLANG_WARN_OBJC_ROOT_CLASS = YES_ERROR;
				CLANG_WARN_RANGE_LOOP_ANALYSIS = YES;
				CLANG_WARN_STRICT_PROTOTYPES = YES;
				CLANG_WARN_SUSPICIOUS_MOVE = YES;
				CLANG_WARN_UNGUARDED_AVAILABILITY = YES_AGGRESSIVE;
				CLANG_WARN_UNREACHABLE_CODE = YES;
				CLANG_WARN__DUPLICATE_METHOD_MATCH = YES;
				CODE_SIGN_IDENTITY = "iPhone Developer";
				COPY_PHASE_STRIP = NO;
				DEBUG_INFORMATION_FORMAT = dwarf;
				ENABLE_STRICT_OBJC_MSGSEND = YES;
				ENABLE_TESTABILITY = YES;
				GCC_C_LANGUAGE_STANDARD = gnu11;
				GCC_DYNAMIC_NO_PIC = NO;
				GCC_NO_COMMON_BLOCKS = YES;
				GCC_OPTIMIZATION_LEVEL = 0;
				GCC_PREPROCESSOR_DEFINITIONS = (
					"DEBUG=1",
					"$(inherited)",
				);
				GCC_WARN_64_TO_32_BIT_CONVERSION = YES;
				GCC_WARN_ABOUT_RETURN_TYPE = YES_ERROR;
				GCC_WARN_UNDECLARED_SELECTOR = YES;
				GCC_WARN_UNINITIALIZED_AUTOS = YES_AGGRESSIVE;
				GCC_WARN_UNUSED_FUNCTION = YES;
				GCC_WARN_UNUSED_VARIABLE = YES;
				IPHONEOS_DEPLOYMENT_TARGET = 12.0;
				MTL_ENABLE_DEBUG_INFO = INCLUDE_SOURCE;
				MTL_FAST_MATH = YES;
				ONLY_ACTIVE_ARCH = YES;
				SDKROOT = iphoneos;
				SWIFT_ACTIVE_COMPILATION_CONDITIONS = DEBUG;
				SWIFT_OPTIMIZATION_LEVEL = "-Onone";
			};
			name = Debug;
		};
		DB4B343C21637E7F005709E3 /* Release */ = {
			isa = XCBuildConfiguration;
			buildSettings = {
				ALWAYS_SEARCH_USER_PATHS = NO;
				CLANG_ANALYZER_NONNULL = YES;
				CLANG_ANALYZER_NUMBER_OBJECT_CONVERSION = YES_AGGRESSIVE;
				CLANG_CXX_LANGUAGE_STANDARD = "gnu++14";
				CLANG_CXX_LIBRARY = "libc++";
				CLANG_ENABLE_MODULES = YES;
				CLANG_ENABLE_OBJC_ARC = YES;
				CLANG_ENABLE_OBJC_WEAK = YES;
				CLANG_WARN_BLOCK_CAPTURE_AUTORELEASING = YES;
				CLANG_WARN_BOOL_CONVERSION = YES;
				CLANG_WARN_COMMA = YES;
				CLANG_WARN_CONSTANT_CONVERSION = YES;
				CLANG_WARN_DEPRECATED_OBJC_IMPLEMENTATIONS = YES;
				CLANG_WARN_DIRECT_OBJC_ISA_USAGE = YES_ERROR;
				CLANG_WARN_DOCUMENTATION_COMMENTS = YES;
				CLANG_WARN_EMPTY_BODY = YES;
				CLANG_WARN_ENUM_CONVERSION = YES;
				CLANG_WARN_INFINITE_RECURSION = YES;
				CLANG_WARN_INT_CONVERSION = YES;
				CLANG_WARN_NON_LITERAL_NULL_CONVERSION = YES;
				CLANG_WARN_OBJC_IMPLICIT_RETAIN_SELF = YES;
				CLANG_WARN_OBJC_LITERAL_CONVERSION = YES;
				CLANG_WARN_OBJC_ROOT_CLASS = YES_ERROR;
				CLANG_WARN_RANGE_LOOP_ANALYSIS = YES;
				CLANG_WARN_STRICT_PROTOTYPES = YES;
				CLANG_WARN_SUSPICIOUS_MOVE = YES;
				CLANG_WARN_UNGUARDED_AVAILABILITY = YES_AGGRESSIVE;
				CLANG_WARN_UNREACHABLE_CODE = YES;
				CLANG_WARN__DUPLICATE_METHOD_MATCH = YES;
				CODE_SIGN_IDENTITY = "iPhone Developer";
				COPY_PHASE_STRIP = NO;
				DEBUG_INFORMATION_FORMAT = "dwarf-with-dsym";
				ENABLE_NS_ASSERTIONS = NO;
				ENABLE_STRICT_OBJC_MSGSEND = YES;
				GCC_C_LANGUAGE_STANDARD = gnu11;
				GCC_NO_COMMON_BLOCKS = YES;
				GCC_WARN_64_TO_32_BIT_CONVERSION = YES;
				GCC_WARN_ABOUT_RETURN_TYPE = YES_ERROR;
				GCC_WARN_UNDECLARED_SELECTOR = YES;
				GCC_WARN_UNINITIALIZED_AUTOS = YES_AGGRESSIVE;
				GCC_WARN_UNUSED_FUNCTION = YES;
				GCC_WARN_UNUSED_VARIABLE = YES;
				IPHONEOS_DEPLOYMENT_TARGET = 12.0;
				MTL_ENABLE_DEBUG_INFO = NO;
				MTL_FAST_MATH = YES;
				SDKROOT = iphoneos;
				SWIFT_COMPILATION_MODE = wholemodule;
				SWIFT_OPTIMIZATION_LEVEL = "-O";
				VALIDATE_PRODUCT = YES;
			};
			name = Release;
		};
		DB4B343E21637E7F005709E3 /* Debug */ = {
			isa = XCBuildConfiguration;
			baseConfigurationReference = 609A88AB3BFA136327347788 /* Pods-WallaMarvel.debug.xcconfig */;
			buildSettings = {
				ASSETCATALOG_COMPILER_APPICON_NAME = AppIcon;
				CODE_SIGN_STYLE = Automatic;
				DEVELOPMENT_TEAM = "";
				INFOPLIST_FILE = WallaMarvel/Info.plist;
				LD_RUNPATH_SEARCH_PATHS = (
					"$(inherited)",
					"@executable_path/Frameworks",
				);
				PRODUCT_BUNDLE_IDENTIFIER = com.machipla.WallaMarvel;
				PRODUCT_NAME = "$(TARGET_NAME)";
				SWIFT_VERSION = 4.2;
				TARGETED_DEVICE_FAMILY = "1,2";
			};
			name = Debug;
		};
		DB4B343F21637E7F005709E3 /* Release */ = {
			isa = XCBuildConfiguration;
			baseConfigurationReference = 1F922AF8B49D9539E7DC8315 /* Pods-WallaMarvel.release.xcconfig */;
			buildSettings = {
				ASSETCATALOG_COMPILER_APPICON_NAME = AppIcon;
				CODE_SIGN_STYLE = Automatic;
				DEVELOPMENT_TEAM = "";
				INFOPLIST_FILE = WallaMarvel/Info.plist;
				LD_RUNPATH_SEARCH_PATHS = (
					"$(inherited)",
					"@executable_path/Frameworks",
				);
				PRODUCT_BUNDLE_IDENTIFIER = com.machipla.WallaMarvel;
				PRODUCT_NAME = "$(TARGET_NAME)";
				SWIFT_VERSION = 4.2;
				TARGETED_DEVICE_FAMILY = "1,2";
			};
			name = Release;
		};
/* End XCBuildConfiguration section */

/* Begin XCConfigurationList section */
		DB4B342621637E7D005709E3 /* Build configuration list for PBXProject "WallaMarvel" */ = {
			isa = XCConfigurationList;
			buildConfigurations = (
				DB4B343B21637E7F005709E3 /* Debug */,
				DB4B343C21637E7F005709E3 /* Release */,
			);
			defaultConfigurationIsVisible = 0;
			defaultConfigurationName = Release;
		};
		DB4B343D21637E7F005709E3 /* Build configuration list for PBXNativeTarget "WallaMarvel" */ = {
			isa = XCConfigurationList;
			buildConfigurations = (
				DB4B343E21637E7F005709E3 /* Debug */,
				DB4B343F21637E7F005709E3 /* Release */,
			);
			defaultConfigurationIsVisible = 0;
			defaultConfigurationName = Release;
		};
/* End XCConfigurationList section */
	};
	rootObject = DB4B342321637E7D005709E3 /* Project object */;
}
