// !$*UTF8*$!
{
	archiveVersion = 1;
	classes = {
	};
	objectVersion = 50;
	objects = {

/* Begin PBXBuildFile section */
		21D6634C26A7B4E33A8D1436 /* Pods_WallaMarvelAPI.framework in Frameworks */ = {isa = PBXBuildFile; fileRef = CB2023D71B1CB9B28813E3E3 /* Pods_WallaMarvelAPI.framework */; };
		859A0CFA78E272CB951F562C /* Pods_WallaMarvel.framework in Frameworks */ = {isa = PBXBuildFile; fileRef = A97F3874FBF0F35BC32BF6B8 /* Pods_WallaMarvel.framework */; };
		DB4B342F21637E7D005709E3 /* AppDelegate.swift in Sources */ = {isa = PBXBuildFile; fileRef = DB4B342E21637E7D005709E3 /* AppDelegate.swift */; };
		DB4B343121637E7D005709E3 /* ViewController.swift in Sources */ = {isa = PBXBuildFile; fileRef = DB4B343021637E7D005709E3 /* ViewController.swift */; };
		DB4B343421637E7D005709E3 /* Main.storyboard in Resources */ = {isa = PBXBuildFile; fileRef = DB4B343221637E7D005709E3 /* Main.storyboard */; };
		DB4B343621637E7F005709E3 /* Images.xcassets in Resources */ = {isa = PBXBuildFile; fileRef = DB4B343521637E7F005709E3 /* Images.xcassets */; };
		DB4B344121637ED5005709E3 /* Podfile in Resources */ = {isa = PBXBuildFile; fileRef = DB4B344021637ED5005709E3 /* Podfile */; };
		DB4B344421638C30005709E3 /* SplashScreen.xib in Resources */ = {isa = PBXBuildFile; fileRef = DB4B344321638C30005709E3 /* SplashScreen.xib */; };
		DB7BB20E2163BC5400FE9BE4 /* WallaMarvelAPI.h in Headers */ = {isa = PBXBuildFile; fileRef = DB7BB20C2163BC5400FE9BE4 /* WallaMarvelAPI.h */; settings = {ATTRIBUTES = (Public, ); }; };
		DB7BB2112163BC5400FE9BE4 /* WallaMarvelAPI.framework in Frameworks */ = {isa = PBXBuildFile; fileRef = DB7BB20A2163BC5300FE9BE4 /* WallaMarvelAPI.framework */; };
		DB7BB2122163BC5400FE9BE4 /* WallaMarvelAPI.framework in Embed Frameworks */ = {isa = PBXBuildFile; fileRef = DB7BB20A2163BC5300FE9BE4 /* WallaMarvelAPI.framework */; settings = {ATTRIBUTES = (CodeSignOnCopy, RemoveHeadersOnCopy, ); }; };
		DB7BB2192163BD5500FE9BE4 /* API.swift in Sources */ = {isa = PBXBuildFile; fileRef = DB7BB2182163BD5500FE9BE4 /* API.swift */; };
		DB7BB21B2163BD7900FE9BE4 /* API+Characters.swift in Sources */ = {isa = PBXBuildFile; fileRef = DB7BB21A2163BD7900FE9BE4 /* API+Characters.swift */; };
		DB7BB21D2163BDAA00FE9BE4 /* CharactersAPI+Get.swift in Sources */ = {isa = PBXBuildFile; fileRef = DB7BB21C2163BDAA00FE9BE4 /* CharactersAPI+Get.swift */; };
		DB7BB2222163BFAD00FE9BE4 /* CharacterOrderBy.swift in Sources */ = {isa = PBXBuildFile; fileRef = DB7BB2212163BFAD00FE9BE4 /* CharacterOrderBy.swift */; };
		DB7BB2262163C11C00FE9BE4 /* Character.swift in Sources */ = {isa = PBXBuildFile; fileRef = DB7BB2252163C11C00FE9BE4 /* Character.swift */; };
		DB7BB2282163C24D00FE9BE4 /* Thumbnail.swift in Sources */ = {isa = PBXBuildFile; fileRef = DB7BB2272163C24D00FE9BE4 /* Thumbnail.swift */; };
		DB7BB22B2163C38500FE9BE4 /* CharacterMappingEntity.swift in Sources */ = {isa = PBXBuildFile; fileRef = DB7BB22A2163C38500FE9BE4 /* CharacterMappingEntity.swift */; };
		DB7BB22E2163C49D00FE9BE4 /* EntityConvertible.swift in Sources */ = {isa = PBXBuildFile; fileRef = DB7BB22D2163C49D00FE9BE4 /* EntityConvertible.swift */; };
		DB7BB23F2163C7CC00FE9BE4 /* JSONTypeRawRepresentable.swift in Sources */ = {isa = PBXBuildFile; fileRef = DB7BB2302163C7CC00FE9BE4 /* JSONTypeRawRepresentable.swift */; };
		DB7BB2442163C7CC00FE9BE4 /* AnyJSONTypeProtocol.swift in Sources */ = {isa = PBXBuildFile; fileRef = DB7BB2362163C7CC00FE9BE4 /* AnyJSONTypeProtocol.swift */; };
		DB7BB2452163C7CC00FE9BE4 /* JSONEncodingError.swift in Sources */ = {isa = PBXBuildFile; fileRef = DB7BB2382163C7CC00FE9BE4 /* JSONEncodingError.swift */; };
		DB7BB2462163C7CC00FE9BE4 /* AnyJSONTypeValueMapper.swift in Sources */ = {isa = PBXBuildFile; fileRef = DB7BB2392163C7CC00FE9BE4 /* AnyJSONTypeValueMapper.swift */; };
		DB7BB2472163C7CC00FE9BE4 /* Decodable+JSON.swift in Sources */ = {isa = PBXBuildFile; fileRef = DB7BB23A2163C7CC00FE9BE4 /* Decodable+JSON.swift */; };
		DB7BB2482163C7CC00FE9BE4 /* AnyJSONType.swift in Sources */ = {isa = PBXBuildFile; fileRef = DB7BB23B2163C7CC00FE9BE4 /* AnyJSONType.swift */; };
		DB7BB2492163C7CC00FE9BE4 /* KeyedEncodingContainer+JSONMapping.swift in Sources */ = {isa = PBXBuildFile; fileRef = DB7BB23C2163C7CC00FE9BE4 /* KeyedEncodingContainer+JSONMapping.swift */; };
		DB7BB24A2163C7CC00FE9BE4 /* KeyedDecodingContainer+JSONMapping.swift in Sources */ = {isa = PBXBuildFile; fileRef = DB7BB23D2163C7CC00FE9BE4 /* KeyedDecodingContainer+JSONMapping.swift */; };
		DB7BB24B2163C7CC00FE9BE4 /* Encodable+JSON.swift in Sources */ = {isa = PBXBuildFile; fileRef = DB7BB23E2163C7CC00FE9BE4 /* Encodable+JSON.swift */; };
		DB7BB24F2163C92600FE9BE4 /* Bool+Additions.swift in Sources */ = {isa = PBXBuildFile; fileRef = DB7BB24E2163C92600FE9BE4 /* Bool+Additions.swift */; };
		DB8BF0DB2164AF0B00AB8287 /* Sequence+Filtering.swift in Sources */ = {isa = PBXBuildFile; fileRef = DB8BF0DA2164AF0B00AB8287 /* Sequence+Filtering.swift */; };
		DB8BF0DE2164AF5500AB8287 /* Optional+TypeProtocol.swift in Sources */ = {isa = PBXBuildFile; fileRef = DB8BF0DD2164AF5500AB8287 /* Optional+TypeProtocol.swift */; };
		DB8BF0E12164AF9400AB8287 /* Dictionary+Filtering.swift in Sources */ = {isa = PBXBuildFile; fileRef = DB8BF0E02164AF9400AB8287 /* Dictionary+Filtering.swift */; };
		DB8BF0E42164B0F000AB8287 /* Collection+ElementCheck.swift in Sources */ = {isa = PBXBuildFile; fileRef = DB8BF0E32164B0F000AB8287 /* Collection+ElementCheck.swift */; };
		DB8BF0E62164B4AA00AB8287 /* ThumbnailMappingEntity.swift in Sources */ = {isa = PBXBuildFile; fileRef = DB8BF0E52164B4AA00AB8287 /* ThumbnailMappingEntity.swift */; };
		DB8BF0E92164B63E00AB8287 /* MappingError.swift in Sources */ = {isa = PBXBuildFile; fileRef = DB8BF0E82164B63E00AB8287 /* MappingError.swift */; };
		DB8BF0EC2164C40100AB8287 /* CharactersFilter.swift in Sources */ = {isa = PBXBuildFile; fileRef = DB8BF0EB2164C40100AB8287 /* CharactersFilter.swift */; };
		DB8BF0EE2164C42A00AB8287 /* Cursor.swift in Sources */ = {isa = PBXBuildFile; fileRef = DB8BF0ED2164C42A00AB8287 /* Cursor.swift */; };
		DB8BF0F02164C62500AB8287 /* API+Keys.swift in Sources */ = {isa = PBXBuildFile; fileRef = DB8BF0EF2164C62500AB8287 /* API+Keys.swift */; };
		DB8BF0F22164C67100AB8287 /* API+Endpoints.swift in Sources */ = {isa = PBXBuildFile; fileRef = DB8BF0F12164C67100AB8287 /* API+Endpoints.swift */; };
		DB8BF0F52164CF9800AB8287 /* String+MD5.swift in Sources */ = {isa = PBXBuildFile; fileRef = DB8BF0F42164CF9800AB8287 /* String+MD5.swift */; };
		DB8BF0F72164D1A600AB8287 /* APIEndpoints+Marvel.swift in Sources */ = {isa = PBXBuildFile; fileRef = DB8BF0F62164D1A600AB8287 /* APIEndpoints+Marvel.swift */; };
		DB8BF0F92164D3F000AB8287 /* APIKeys+Marvel.swift in Sources */ = {isa = PBXBuildFile; fileRef = DB8BF0F82164D3F000AB8287 /* APIKeys+Marvel.swift */; };
		DB8BF0FB2164D4CF00AB8287 /* RequestError.swift in Sources */ = {isa = PBXBuildFile; fileRef = DB8BF0FA2164D4CF00AB8287 /* RequestError.swift */; };
		DB8BF0FF2164D8D200AB8287 /* CursorMappingEntity.swift in Sources */ = {isa = PBXBuildFile; fileRef = DB8BF0FE2164D8D200AB8287 /* CursorMappingEntity.swift */; };
		DB8BF1012164DB9400AB8287 /* CharactersFilterMappingEntity.swift in Sources */ = {isa = PBXBuildFile; fileRef = DB8BF1002164DB9400AB8287 /* CharactersFilterMappingEntity.swift */; };
		DB8BF1042164E0B500AB8287 /* DataResult.swift in Sources */ = {isa = PBXBuildFile; fileRef = DB8BF1032164E0B500AB8287 /* DataResult.swift */; };
		DB8BF1062164E12C00AB8287 /* DataResultMappingEntity.swift in Sources */ = {isa = PBXBuildFile; fileRef = DB8BF1052164E12C00AB8287 /* DataResultMappingEntity.swift */; };
/* End PBXBuildFile section */

/* Begin PBXContainerItemProxy section */
		DB7BB20F2163BC5400FE9BE4 /* PBXContainerItemProxy */ = {
			isa = PBXContainerItemProxy;
			containerPortal = DB4B342321637E7D005709E3 /* Project object */;
			proxyType = 1;
			remoteGlobalIDString = DB7BB2092163BC5300FE9BE4;
			remoteInfo = WallaMarvelAPI;
		};
/* End PBXContainerItemProxy section */

/* Begin PBXCopyFilesBuildPhase section */
		DB7BB2162163BC5400FE9BE4 /* Embed Frameworks */ = {
			isa = PBXCopyFilesBuildPhase;
			buildActionMask = 2147483647;
			dstPath = "";
			dstSubfolderSpec = 10;
			files = (
				DB7BB2122163BC5400FE9BE4 /* WallaMarvelAPI.framework in Embed Frameworks */,
			);
			name = "Embed Frameworks";
			runOnlyForDeploymentPostprocessing = 0;
		};
/* End PBXCopyFilesBuildPhase section */

/* Begin PBXFileReference section */
		0B67C236611D8B607AF37C3D /* Pods-WallaMarvelAPI.debug.xcconfig */ = {isa = PBXFileReference; includeInIndex = 1; lastKnownFileType = text.xcconfig; name = "Pods-WallaMarvelAPI.debug.xcconfig"; path = "Pods/Target Support Files/Pods-WallaMarvelAPI/Pods-WallaMarvelAPI.debug.xcconfig"; sourceTree = "<group>"; };
		1F922AF8B49D9539E7DC8315 /* Pods-WallaMarvel.release.xcconfig */ = {isa = PBXFileReference; includeInIndex = 1; lastKnownFileType = text.xcconfig; name = "Pods-WallaMarvel.release.xcconfig"; path = "Pods/Target Support Files/Pods-WallaMarvel/Pods-WallaMarvel.release.xcconfig"; sourceTree = "<group>"; };
		574A56B66781F4676B60CA03 /* Pods-WallaMarvelAPI.release.xcconfig */ = {isa = PBXFileReference; includeInIndex = 1; lastKnownFileType = text.xcconfig; name = "Pods-WallaMarvelAPI.release.xcconfig"; path = "Pods/Target Support Files/Pods-WallaMarvelAPI/Pods-WallaMarvelAPI.release.xcconfig"; sourceTree = "<group>"; };
		609A88AB3BFA136327347788 /* Pods-WallaMarvel.debug.xcconfig */ = {isa = PBXFileReference; includeInIndex = 1; lastKnownFileType = text.xcconfig; name = "Pods-WallaMarvel.debug.xcconfig"; path = "Pods/Target Support Files/Pods-WallaMarvel/Pods-WallaMarvel.debug.xcconfig"; sourceTree = "<group>"; };
		A97F3874FBF0F35BC32BF6B8 /* Pods_WallaMarvel.framework */ = {isa = PBXFileReference; explicitFileType = wrapper.framework; includeInIndex = 0; path = Pods_WallaMarvel.framework; sourceTree = BUILT_PRODUCTS_DIR; };
		CB2023D71B1CB9B28813E3E3 /* Pods_WallaMarvelAPI.framework */ = {isa = PBXFileReference; explicitFileType = wrapper.framework; includeInIndex = 0; path = Pods_WallaMarvelAPI.framework; sourceTree = BUILT_PRODUCTS_DIR; };
		DB4B342B21637E7D005709E3 /* WallaMarvel.app */ = {isa = PBXFileReference; explicitFileType = wrapper.application; includeInIndex = 0; path = WallaMarvel.app; sourceTree = BUILT_PRODUCTS_DIR; };
		DB4B342E21637E7D005709E3 /* AppDelegate.swift */ = {isa = PBXFileReference; lastKnownFileType = sourcecode.swift; path = AppDelegate.swift; sourceTree = "<group>"; };
		DB4B343021637E7D005709E3 /* ViewController.swift */ = {isa = PBXFileReference; lastKnownFileType = sourcecode.swift; path = ViewController.swift; sourceTree = "<group>"; };
		DB4B343321637E7D005709E3 /* Base */ = {isa = PBXFileReference; lastKnownFileType = file.storyboard; name = Base; path = Base.lproj/Main.storyboard; sourceTree = "<group>"; };
		DB4B343521637E7F005709E3 /* Images.xcassets */ = {isa = PBXFileReference; lastKnownFileType = folder.assetcatalog; path = Images.xcassets; sourceTree = "<group>"; };
		DB4B343A21637E7F005709E3 /* Info.plist */ = {isa = PBXFileReference; lastKnownFileType = text.plist.xml; path = Info.plist; sourceTree = "<group>"; };
		DB4B344021637ED5005709E3 /* Podfile */ = {isa = PBXFileReference; fileEncoding = 4; lastKnownFileType = text; path = Podfile; sourceTree = "<group>"; xcLanguageSpecificationIdentifier = xcode.lang.ruby; };
		DB4B344321638C30005709E3 /* SplashScreen.xib */ = {isa = PBXFileReference; lastKnownFileType = file.xib; path = SplashScreen.xib; sourceTree = "<group>"; };
		DB7BB20A2163BC5300FE9BE4 /* WallaMarvelAPI.framework */ = {isa = PBXFileReference; explicitFileType = wrapper.framework; includeInIndex = 0; path = WallaMarvelAPI.framework; sourceTree = BUILT_PRODUCTS_DIR; };
		DB7BB20C2163BC5400FE9BE4 /* WallaMarvelAPI.h */ = {isa = PBXFileReference; lastKnownFileType = sourcecode.c.h; path = WallaMarvelAPI.h; sourceTree = "<group>"; };
		DB7BB20D2163BC5400FE9BE4 /* Info.plist */ = {isa = PBXFileReference; lastKnownFileType = text.plist.xml; path = Info.plist; sourceTree = "<group>"; };
		DB7BB2182163BD5500FE9BE4 /* API.swift */ = {isa = PBXFileReference; lastKnownFileType = sourcecode.swift; path = API.swift; sourceTree = "<group>"; };
		DB7BB21A2163BD7900FE9BE4 /* API+Characters.swift */ = {isa = PBXFileReference; lastKnownFileType = sourcecode.swift; path = "API+Characters.swift"; sourceTree = "<group>"; };
		DB7BB21C2163BDAA00FE9BE4 /* CharactersAPI+Get.swift */ = {isa = PBXFileReference; lastKnownFileType = sourcecode.swift; path = "CharactersAPI+Get.swift"; sourceTree = "<group>"; };
		DB7BB2212163BFAD00FE9BE4 /* CharacterOrderBy.swift */ = {isa = PBXFileReference; lastKnownFileType = sourcecode.swift; path = CharacterOrderBy.swift; sourceTree = "<group>"; };
		DB7BB2252163C11C00FE9BE4 /* Character.swift */ = {isa = PBXFileReference; lastKnownFileType = sourcecode.swift; path = Character.swift; sourceTree = "<group>"; };
		DB7BB2272163C24D00FE9BE4 /* Thumbnail.swift */ = {isa = PBXFileReference; lastKnownFileType = sourcecode.swift; path = Thumbnail.swift; sourceTree = "<group>"; };
		DB7BB22A2163C38500FE9BE4 /* CharacterMappingEntity.swift */ = {isa = PBXFileReference; lastKnownFileType = sourcecode.swift; path = CharacterMappingEntity.swift; sourceTree = "<group>"; };
		DB7BB22D2163C49D00FE9BE4 /* EntityConvertible.swift */ = {isa = PBXFileReference; lastKnownFileType = sourcecode.swift; path = EntityConvertible.swift; sourceTree = "<group>"; };
		DB7BB2302163C7CC00FE9BE4 /* JSONTypeRawRepresentable.swift */ = {isa = PBXFileReference; fileEncoding = 4; lastKnownFileType = sourcecode.swift; path = JSONTypeRawRepresentable.swift; sourceTree = "<group>"; };
		DB7BB2362163C7CC00FE9BE4 /* AnyJSONTypeProtocol.swift */ = {isa = PBXFileReference; fileEncoding = 4; lastKnownFileType = sourcecode.swift; path = AnyJSONTypeProtocol.swift; sourceTree = "<group>"; };
		DB7BB2382163C7CC00FE9BE4 /* JSONEncodingError.swift */ = {isa = PBXFileReference; fileEncoding = 4; lastKnownFileType = sourcecode.swift; path = JSONEncodingError.swift; sourceTree = "<group>"; };
		DB7BB2392163C7CC00FE9BE4 /* AnyJSONTypeValueMapper.swift */ = {isa = PBXFileReference; fileEncoding = 4; lastKnownFileType = sourcecode.swift; path = AnyJSONTypeValueMapper.swift; sourceTree = "<group>"; };
		DB7BB23A2163C7CC00FE9BE4 /* Decodable+JSON.swift */ = {isa = PBXFileReference; fileEncoding = 4; lastKnownFileType = sourcecode.swift; path = "Decodable+JSON.swift"; sourceTree = "<group>"; };
		DB7BB23B2163C7CC00FE9BE4 /* AnyJSONType.swift */ = {isa = PBXFileReference; fileEncoding = 4; lastKnownFileType = sourcecode.swift; path = AnyJSONType.swift; sourceTree = "<group>"; };
		DB7BB23C2163C7CC00FE9BE4 /* KeyedEncodingContainer+JSONMapping.swift */ = {isa = PBXFileReference; fileEncoding = 4; lastKnownFileType = sourcecode.swift; path = "KeyedEncodingContainer+JSONMapping.swift"; sourceTree = "<group>"; };
		DB7BB23D2163C7CC00FE9BE4 /* KeyedDecodingContainer+JSONMapping.swift */ = {isa = PBXFileReference; fileEncoding = 4; lastKnownFileType = sourcecode.swift; path = "KeyedDecodingContainer+JSONMapping.swift"; sourceTree = "<group>"; };
		DB7BB23E2163C7CC00FE9BE4 /* Encodable+JSON.swift */ = {isa = PBXFileReference; fileEncoding = 4; lastKnownFileType = sourcecode.swift; path = "Encodable+JSON.swift"; sourceTree = "<group>"; };
		DB7BB24E2163C92600FE9BE4 /* Bool+Additions.swift */ = {isa = PBXFileReference; lastKnownFileType = sourcecode.swift; path = "Bool+Additions.swift"; sourceTree = "<group>"; };
		DB8BF0DA2164AF0B00AB8287 /* Sequence+Filtering.swift */ = {isa = PBXFileReference; lastKnownFileType = sourcecode.swift; path = "Sequence+Filtering.swift"; sourceTree = "<group>"; };
		DB8BF0DD2164AF5500AB8287 /* Optional+TypeProtocol.swift */ = {isa = PBXFileReference; fileEncoding = 4; lastKnownFileType = sourcecode.swift; path = "Optional+TypeProtocol.swift"; sourceTree = "<group>"; };
		DB8BF0E02164AF9400AB8287 /* Dictionary+Filtering.swift */ = {isa = PBXFileReference; fileEncoding = 4; lastKnownFileType = sourcecode.swift; path = "Dictionary+Filtering.swift"; sourceTree = "<group>"; };
		DB8BF0E32164B0F000AB8287 /* Collection+ElementCheck.swift */ = {isa = PBXFileReference; fileEncoding = 4; lastKnownFileType = sourcecode.swift; path = "Collection+ElementCheck.swift"; sourceTree = "<group>"; };
		DB8BF0E52164B4AA00AB8287 /* ThumbnailMappingEntity.swift */ = {isa = PBXFileReference; lastKnownFileType = sourcecode.swift; path = ThumbnailMappingEntity.swift; sourceTree = "<group>"; };
		DB8BF0E82164B63E00AB8287 /* MappingError.swift */ = {isa = PBXFileReference; lastKnownFileType = sourcecode.swift; path = MappingError.swift; sourceTree = "<group>"; };
		DB8BF0EB2164C40100AB8287 /* CharactersFilter.swift */ = {isa = PBXFileReference; lastKnownFileType = sourcecode.swift; path = CharactersFilter.swift; sourceTree = "<group>"; };
		DB8BF0ED2164C42A00AB8287 /* Cursor.swift */ = {isa = PBXFileReference; lastKnownFileType = sourcecode.swift; path = Cursor.swift; sourceTree = "<group>"; };
		DB8BF0EF2164C62500AB8287 /* API+Keys.swift */ = {isa = PBXFileReference; lastKnownFileType = sourcecode.swift; path = "API+Keys.swift"; sourceTree = "<group>"; };
		DB8BF0F12164C67100AB8287 /* API+Endpoints.swift */ = {isa = PBXFileReference; lastKnownFileType = sourcecode.swift; path = "API+Endpoints.swift"; sourceTree = "<group>"; };
		DB8BF0F42164CF9800AB8287 /* String+MD5.swift */ = {isa = PBXFileReference; lastKnownFileType = sourcecode.swift; path = "String+MD5.swift"; sourceTree = "<group>"; };
		DB8BF0F62164D1A600AB8287 /* APIEndpoints+Marvel.swift */ = {isa = PBXFileReference; lastKnownFileType = sourcecode.swift; path = "APIEndpoints+Marvel.swift"; sourceTree = "<group>"; };
		DB8BF0F82164D3F000AB8287 /* APIKeys+Marvel.swift */ = {isa = PBXFileReference; lastKnownFileType = sourcecode.swift; path = "APIKeys+Marvel.swift"; sourceTree = "<group>"; };
		DB8BF0FA2164D4CF00AB8287 /* RequestError.swift */ = {isa = PBXFileReference; lastKnownFileType = sourcecode.swift; path = RequestError.swift; sourceTree = "<group>"; };
		DB8BF0FE2164D8D200AB8287 /* CursorMappingEntity.swift */ = {isa = PBXFileReference; lastKnownFileType = sourcecode.swift; path = CursorMappingEntity.swift; sourceTree = "<group>"; };
		DB8BF1002164DB9400AB8287 /* CharactersFilterMappingEntity.swift */ = {isa = PBXFileReference; lastKnownFileType = sourcecode.swift; path = CharactersFilterMappingEntity.swift; sourceTree = "<group>"; };
		DB8BF1032164E0B500AB8287 /* DataResult.swift */ = {isa = PBXFileReference; lastKnownFileType = sourcecode.swift; path = DataResult.swift; sourceTree = "<group>"; };
		DB8BF1052164E12C00AB8287 /* DataResultMappingEntity.swift */ = {isa = PBXFileReference; lastKnownFileType = sourcecode.swift; path = DataResultMappingEntity.swift; sourceTree = "<group>"; };
/* End PBXFileReference section */

/* Begin PBXFrameworksBuildPhase section */
		DB4B342821637E7D005709E3 /* Frameworks */ = {
			isa = PBXFrameworksBuildPhase;
			buildActionMask = 2147483647;
			files = (
				DB7BB2112163BC5400FE9BE4 /* WallaMarvelAPI.framework in Frameworks */,
				859A0CFA78E272CB951F562C /* Pods_WallaMarvel.framework in Frameworks */,
			);
			runOnlyForDeploymentPostprocessing = 0;
		};
		DB7BB2072163BC5300FE9BE4 /* Frameworks */ = {
			isa = PBXFrameworksBuildPhase;
			buildActionMask = 2147483647;
			files = (
				21D6634C26A7B4E33A8D1436 /* Pods_WallaMarvelAPI.framework in Frameworks */,
			);
			runOnlyForDeploymentPostprocessing = 0;
		};
/* End PBXFrameworksBuildPhase section */

/* Begin PBXGroup section */
		16B1A4CE98E06E3B01F47DC2 /* Pods */ = {
			isa = PBXGroup;
			children = (
				609A88AB3BFA136327347788 /* Pods-WallaMarvel.debug.xcconfig */,
				1F922AF8B49D9539E7DC8315 /* Pods-WallaMarvel.release.xcconfig */,
				0B67C236611D8B607AF37C3D /* Pods-WallaMarvelAPI.debug.xcconfig */,
				574A56B66781F4676B60CA03 /* Pods-WallaMarvelAPI.release.xcconfig */,
			);
			name = Pods;
			sourceTree = "<group>";
		};
		1723F7E50F78D1DFB6C7519E /* Frameworks */ = {
			isa = PBXGroup;
			children = (
				A97F3874FBF0F35BC32BF6B8 /* Pods_WallaMarvel.framework */,
				CB2023D71B1CB9B28813E3E3 /* Pods_WallaMarvelAPI.framework */,
			);
			name = Frameworks;
			sourceTree = "<group>";
		};
		DB4B342221637E7D005709E3 = {
			isa = PBXGroup;
			children = (
				DB4B344021637ED5005709E3 /* Podfile */,
				DB4B342D21637E7D005709E3 /* WallaMarvel */,
				DB7BB20B2163BC5400FE9BE4 /* WallaMarvelAPI */,
				DB4B342C21637E7D005709E3 /* Products */,
				16B1A4CE98E06E3B01F47DC2 /* Pods */,
				1723F7E50F78D1DFB6C7519E /* Frameworks */,
			);
			sourceTree = "<group>";
		};
		DB4B342C21637E7D005709E3 /* Products */ = {
			isa = PBXGroup;
			children = (
				DB4B342B21637E7D005709E3 /* WallaMarvel.app */,
				DB7BB20A2163BC5300FE9BE4 /* WallaMarvelAPI.framework */,
			);
			name = Products;
			sourceTree = "<group>";
		};
		DB4B342D21637E7D005709E3 /* WallaMarvel */ = {
			isa = PBXGroup;
			children = (
				DB4B342E21637E7D005709E3 /* AppDelegate.swift */,
				DB4B343021637E7D005709E3 /* ViewController.swift */,
				DB4B343221637E7D005709E3 /* Main.storyboard */,
				DB4B344321638C30005709E3 /* SplashScreen.xib */,
				DB4B344221638BFD005709E3 /* Resources */,
			);
			path = WallaMarvel;
			sourceTree = "<group>";
		};
		DB4B344221638BFD005709E3 /* Resources */ = {
			isa = PBXGroup;
			children = (
				DB4B343A21637E7F005709E3 /* Info.plist */,
				DB4B343521637E7F005709E3 /* Images.xcassets */,
			);
			path = Resources;
			sourceTree = "<group>";
		};
		DB7BB20B2163BC5400FE9BE4 /* WallaMarvelAPI */ = {
			isa = PBXGroup;
			children = (
				DB8BF0DC2164AF3400AB8287 /* Others */,
				DB7BB24C2163C91500FE9BE4 /* Extensions */,
				DB7BB22C2163C49400FE9BE4 /* Protocols */,
				DB7BB2292163C37D00FE9BE4 /* Serializers */,
				DB8BF0E72164B60D00AB8287 /* Errors */,
				DB7BB2172163BC8400FE9BE4 /* API */,
				DB7BB21E2163BEA300FE9BE4 /* Models */,
				DB7BB20C2163BC5400FE9BE4 /* WallaMarvelAPI.h */,
				DB7BB20D2163BC5400FE9BE4 /* Info.plist */,
			);
			path = WallaMarvelAPI;
			sourceTree = "<group>";
		};
		DB7BB2172163BC8400FE9BE4 /* API */ = {
			isa = PBXGroup;
			children = (
				DB8BF1022164E0A500AB8287 /* Common */,
				DB7BB2232163C10100FE9BE4 /* Characters */,
				DB7BB2242163C10900FE9BE4 /* Comics */,
			);
			path = API;
			sourceTree = "<group>";
		};
		DB7BB21E2163BEA300FE9BE4 /* Models */ = {
			isa = PBXGroup;
			children = (
				DB7BB2252163C11C00FE9BE4 /* Character.swift */,
				DB7BB2272163C24D00FE9BE4 /* Thumbnail.swift */,
			);
			path = Models;
			sourceTree = "<group>";
		};
		DB7BB2232163C10100FE9BE4 /* Characters */ = {
			isa = PBXGroup;
			children = (
				DB7BB21A2163BD7900FE9BE4 /* API+Characters.swift */,
				DB7BB21C2163BDAA00FE9BE4 /* CharactersAPI+Get.swift */,
				DB8BF0EA2164C3E900AB8287 /* Request */,
			);
			path = Characters;
			sourceTree = "<group>";
		};
		DB7BB2242163C10900FE9BE4 /* Comics */ = {
			isa = PBXGroup;
			children = (
			);
			path = Comics;
			sourceTree = "<group>";
		};
		DB7BB2292163C37D00FE9BE4 /* Serializers */ = {
			isa = PBXGroup;
			children = (
				DB7BB22F2163C7CC00FE9BE4 /* Common */,
				DB7BB22A2163C38500FE9BE4 /* CharacterMappingEntity.swift */,
				DB8BF0E52164B4AA00AB8287 /* ThumbnailMappingEntity.swift */,
				DB8BF0FE2164D8D200AB8287 /* CursorMappingEntity.swift */,
				DB8BF1002164DB9400AB8287 /* CharactersFilterMappingEntity.swift */,
				DB8BF1052164E12C00AB8287 /* DataResultMappingEntity.swift */,
			);
			path = Serializers;
			sourceTree = "<group>";
		};
		DB7BB22C2163C49400FE9BE4 /* Protocols */ = {
			isa = PBXGroup;
			children = (
				DB7BB22D2163C49D00FE9BE4 /* EntityConvertible.swift */,
			);
			path = Protocols;
			sourceTree = "<group>";
		};
		DB7BB22F2163C7CC00FE9BE4 /* Common */ = {
			isa = PBXGroup;
			children = (
				DB7BB2302163C7CC00FE9BE4 /* JSONTypeRawRepresentable.swift */,
				DB7BB2362163C7CC00FE9BE4 /* AnyJSONTypeProtocol.swift */,
				DB7BB2382163C7CC00FE9BE4 /* JSONEncodingError.swift */,
				DB7BB2392163C7CC00FE9BE4 /* AnyJSONTypeValueMapper.swift */,
				DB7BB23B2163C7CC00FE9BE4 /* AnyJSONType.swift */,
				DB7BB23C2163C7CC00FE9BE4 /* KeyedEncodingContainer+JSONMapping.swift */,
				DB7BB23D2163C7CC00FE9BE4 /* KeyedDecodingContainer+JSONMapping.swift */,
				DB7BB23A2163C7CC00FE9BE4 /* Decodable+JSON.swift */,
				DB7BB23E2163C7CC00FE9BE4 /* Encodable+JSON.swift */,
			);
			path = Common;
			sourceTree = "<group>";
		};
		DB7BB24C2163C91500FE9BE4 /* Extensions */ = {
			isa = PBXGroup;
			children = (
				DB8BF0F32164CF9200AB8287 /* String */,
				DB8BF0E22164B0E000AB8287 /* Collection */,
				DB8BF0DF2164AF7F00AB8287 /* Dictionary */,
				DB8BF0D92164AEC800AB8287 /* Sequence */,
				DB7BB24D2163C91A00FE9BE4 /* Bool */,
			);
			path = Extensions;
			sourceTree = "<group>";
		};
		DB7BB24D2163C91A00FE9BE4 /* Bool */ = {
			isa = PBXGroup;
			children = (
				DB7BB24E2163C92600FE9BE4 /* Bool+Additions.swift */,
			);
			path = Bool;
			sourceTree = "<group>";
		};
		DB8BF0D92164AEC800AB8287 /* Sequence */ = {
			isa = PBXGroup;
			children = (
				DB8BF0DA2164AF0B00AB8287 /* Sequence+Filtering.swift */,
			);
			path = Sequence;
			sourceTree = "<group>";
		};
		DB8BF0DC2164AF3400AB8287 /* Others */ = {
			isa = PBXGroup;
			children = (
				DB8BF0DD2164AF5500AB8287 /* Optional+TypeProtocol.swift */,
			);
			path = Others;
			sourceTree = "<group>";
		};
		DB8BF0DF2164AF7F00AB8287 /* Dictionary */ = {
			isa = PBXGroup;
			children = (
				DB8BF0E02164AF9400AB8287 /* Dictionary+Filtering.swift */,
			);
			path = Dictionary;
			sourceTree = "<group>";
		};
		DB8BF0E22164B0E000AB8287 /* Collection */ = {
			isa = PBXGroup;
			children = (
				DB8BF0E32164B0F000AB8287 /* Collection+ElementCheck.swift */,
			);
			path = Collection;
			sourceTree = "<group>";
		};
		DB8BF0E72164B60D00AB8287 /* Errors */ = {
			isa = PBXGroup;
			children = (
				DB8BF0E82164B63E00AB8287 /* MappingError.swift */,
				DB8BF0FA2164D4CF00AB8287 /* RequestError.swift */,
			);
			path = Errors;
			sourceTree = "<group>";
		};
		DB8BF0EA2164C3E900AB8287 /* Request */ = {
			isa = PBXGroup;
			children = (
				DB8BF0EB2164C40100AB8287 /* CharactersFilter.swift */,
				DB7BB2212163BFAD00FE9BE4 /* CharacterOrderBy.swift */,
				DB8BF0ED2164C42A00AB8287 /* Cursor.swift */,
			);
			path = Request;
			sourceTree = "<group>";
		};
		DB8BF0F32164CF9200AB8287 /* String */ = {
			isa = PBXGroup;
			children = (
				DB8BF0F42164CF9800AB8287 /* String+MD5.swift */,
			);
			path = String;
			sourceTree = "<group>";
		};
		DB8BF1022164E0A500AB8287 /* Common */ = {
			isa = PBXGroup;
			children = (
				DB7BB2182163BD5500FE9BE4 /* API.swift */,
				DB8BF0EF2164C62500AB8287 /* API+Keys.swift */,
				DB8BF0F82164D3F000AB8287 /* APIKeys+Marvel.swift */,
				DB8BF0F12164C67100AB8287 /* API+Endpoints.swift */,
				DB8BF0F62164D1A600AB8287 /* APIEndpoints+Marvel.swift */,
				DB8BF1032164E0B500AB8287 /* DataResult.swift */,
			);
			path = Common;
			sourceTree = "<group>";
		};
/* End PBXGroup section */

/* Begin PBXHeadersBuildPhase section */
		DB7BB2052163BC5300FE9BE4 /* Headers */ = {
			isa = PBXHeadersBuildPhase;
			buildActionMask = 2147483647;
			files = (
				DB7BB20E2163BC5400FE9BE4 /* WallaMarvelAPI.h in Headers */,
			);
			runOnlyForDeploymentPostprocessing = 0;
		};
/* End PBXHeadersBuildPhase section */

/* Begin PBXNativeTarget section */
		DB4B342A21637E7D005709E3 /* WallaMarvel */ = {
			isa = PBXNativeTarget;
			buildConfigurationList = DB4B343D21637E7F005709E3 /* Build configuration list for PBXNativeTarget "WallaMarvel" */;
			buildPhases = (
				9C317A0D737E63960E4B7BC0 /* [CP] Check Pods Manifest.lock */,
				DB4B342721637E7D005709E3 /* Sources */,
				DB4B342821637E7D005709E3 /* Frameworks */,
				DB4B342921637E7D005709E3 /* Resources */,
				814C20A966A00D90BFC0A5A7 /* [CP] Embed Pods Frameworks */,
				DB7BB2162163BC5400FE9BE4 /* Embed Frameworks */,
			);
			buildRules = (
			);
			dependencies = (
				DB7BB2102163BC5400FE9BE4 /* PBXTargetDependency */,
			);
			name = WallaMarvel;
			productName = WallaMarvel;
			productReference = DB4B342B21637E7D005709E3 /* WallaMarvel.app */;
			productType = "com.apple.product-type.application";
		};
		DB7BB2092163BC5300FE9BE4 /* WallaMarvelAPI */ = {
			isa = PBXNativeTarget;
			buildConfigurationList = DB7BB2152163BC5400FE9BE4 /* Build configuration list for PBXNativeTarget "WallaMarvelAPI" */;
			buildPhases = (
				577C661D6331DF54C8F025C4 /* [CP] Check Pods Manifest.lock */,
				DB7BB2052163BC5300FE9BE4 /* Headers */,
				DB7BB2062163BC5300FE9BE4 /* Sources */,
				DB7BB2072163BC5300FE9BE4 /* Frameworks */,
				DB7BB2082163BC5300FE9BE4 /* Resources */,
			);
			buildRules = (
			);
			dependencies = (
			);
			name = WallaMarvelAPI;
			productName = WallaMarvelAPI;
			productReference = DB7BB20A2163BC5300FE9BE4 /* WallaMarvelAPI.framework */;
			productType = "com.apple.product-type.framework";
		};
/* End PBXNativeTarget section */

/* Begin PBXProject section */
		DB4B342321637E7D005709E3 /* Project object */ = {
			isa = PBXProject;
			attributes = {
				LastSwiftUpdateCheck = 1000;
				LastUpgradeCheck = 1000;
				ORGANIZATIONNAME = "Mario Plaza";
				TargetAttributes = {
					DB4B342A21637E7D005709E3 = {
						CreatedOnToolsVersion = 10.0;
					};
					DB7BB2092163BC5300FE9BE4 = {
						CreatedOnToolsVersion = 10.0;
						LastSwiftMigration = 1000;
					};
				};
			};
			buildConfigurationList = DB4B342621637E7D005709E3 /* Build configuration list for PBXProject "WallaMarvel" */;
			compatibilityVersion = "Xcode 9.3";
			developmentRegion = en;
			hasScannedForEncodings = 0;
			knownRegions = (
				en,
				Base,
			);
			mainGroup = DB4B342221637E7D005709E3;
			productRefGroup = DB4B342C21637E7D005709E3 /* Products */;
			projectDirPath = "";
			projectRoot = "";
			targets = (
				DB4B342A21637E7D005709E3 /* WallaMarvel */,
				DB7BB2092163BC5300FE9BE4 /* WallaMarvelAPI */,
			);
		};
/* End PBXProject section */

/* Begin PBXResourcesBuildPhase section */
		DB4B342921637E7D005709E3 /* Resources */ = {
			isa = PBXResourcesBuildPhase;
			buildActionMask = 2147483647;
			files = (
				DB4B344421638C30005709E3 /* SplashScreen.xib in Resources */,
				DB4B343621637E7F005709E3 /* Images.xcassets in Resources */,
				DB4B344121637ED5005709E3 /* Podfile in Resources */,
				DB4B343421637E7D005709E3 /* Main.storyboard in Resources */,
			);
			runOnlyForDeploymentPostprocessing = 0;
		};
		DB7BB2082163BC5300FE9BE4 /* Resources */ = {
			isa = PBXResourcesBuildPhase;
			buildActionMask = 2147483647;
			files = (
			);
			runOnlyForDeploymentPostprocessing = 0;
		};
/* End PBXResourcesBuildPhase section */

/* Begin PBXShellScriptBuildPhase section */
		577C661D6331DF54C8F025C4 /* [CP] Check Pods Manifest.lock */ = {
			isa = PBXShellScriptBuildPhase;
			buildActionMask = 2147483647;
			files = (
			);
			inputFileListPaths = (
			);
			inputPaths = (
				"${PODS_PODFILE_DIR_PATH}/Podfile.lock",
				"${PODS_ROOT}/Manifest.lock",
			);
			name = "[CP] Check Pods Manifest.lock";
			outputFileListPaths = (
			);
			outputPaths = (
				"$(DERIVED_FILE_DIR)/Pods-WallaMarvelAPI-checkManifestLockResult.txt",
			);
			runOnlyForDeploymentPostprocessing = 0;
			shellPath = /bin/sh;
			shellScript = "diff \"${PODS_PODFILE_DIR_PATH}/Podfile.lock\" \"${PODS_ROOT}/Manifest.lock\" > /dev/null\nif [ $? != 0 ] ; then\n    # print error to STDERR\n    echo \"error: The sandbox is not in sync with the Podfile.lock. Run 'pod install' or update your CocoaPods installation.\" >&2\n    exit 1\nfi\n# This output is used by Xcode 'outputs' to avoid re-running this script phase.\necho \"SUCCESS\" > \"${SCRIPT_OUTPUT_FILE_0}\"\n";
			showEnvVarsInLog = 0;
		};
		814C20A966A00D90BFC0A5A7 /* [CP] Embed Pods Frameworks */ = {
			isa = PBXShellScriptBuildPhase;
			buildActionMask = 2147483647;
			files = (
			);
			inputFileListPaths = (
			);
			inputPaths = (
				"${SRCROOT}/Pods/Target Support Files/Pods-WallaMarvel/Pods-WallaMarvel-frameworks.sh",
				"${BUILT_PRODUCTS_DIR}/IBAnimatable/IBAnimatable.framework",
				"${BUILT_PRODUCTS_DIR}/Alamofire/Alamofire.framework",
				"${BUILT_PRODUCTS_DIR}/PromisesObjC/FBLPromises.framework",
				"${BUILT_PRODUCTS_DIR}/PromisesSwift/Promises.framework",
				"${BUILT_PRODUCTS_DIR}/SwiftDate/SwiftDate.framework",
			);
			name = "[CP] Embed Pods Frameworks";
			outputFileListPaths = (
			);
			outputPaths = (
				"${TARGET_BUILD_DIR}/${FRAMEWORKS_FOLDER_PATH}/IBAnimatable.framework",
				"${TARGET_BUILD_DIR}/${FRAMEWORKS_FOLDER_PATH}/Alamofire.framework",
				"${TARGET_BUILD_DIR}/${FRAMEWORKS_FOLDER_PATH}/FBLPromises.framework",
				"${TARGET_BUILD_DIR}/${FRAMEWORKS_FOLDER_PATH}/Promises.framework",
				"${TARGET_BUILD_DIR}/${FRAMEWORKS_FOLDER_PATH}/SwiftDate.framework",
			);
			runOnlyForDeploymentPostprocessing = 0;
			shellPath = /bin/sh;
			shellScript = "\"${SRCROOT}/Pods/Target Support Files/Pods-WallaMarvel/Pods-WallaMarvel-frameworks.sh\"\n";
			showEnvVarsInLog = 0;
		};
		9C317A0D737E63960E4B7BC0 /* [CP] Check Pods Manifest.lock */ = {
			isa = PBXShellScriptBuildPhase;
			buildActionMask = 2147483647;
			files = (
			);
			inputFileListPaths = (
			);
			inputPaths = (
				"${PODS_PODFILE_DIR_PATH}/Podfile.lock",
				"${PODS_ROOT}/Manifest.lock",
			);
			name = "[CP] Check Pods Manifest.lock";
			outputFileListPaths = (
			);
			outputPaths = (
				"$(DERIVED_FILE_DIR)/Pods-WallaMarvel-checkManifestLockResult.txt",
			);
			runOnlyForDeploymentPostprocessing = 0;
			shellPath = /bin/sh;
			shellScript = "diff \"${PODS_PODFILE_DIR_PATH}/Podfile.lock\" \"${PODS_ROOT}/Manifest.lock\" > /dev/null\nif [ $? != 0 ] ; then\n    # print error to STDERR\n    echo \"error: The sandbox is not in sync with the Podfile.lock. Run 'pod install' or update your CocoaPods installation.\" >&2\n    exit 1\nfi\n# This output is used by Xcode 'outputs' to avoid re-running this script phase.\necho \"SUCCESS\" > \"${SCRIPT_OUTPUT_FILE_0}\"\n";
			showEnvVarsInLog = 0;
		};
/* End PBXShellScriptBuildPhase section */

/* Begin PBXSourcesBuildPhase section */
		DB4B342721637E7D005709E3 /* Sources */ = {
			isa = PBXSourcesBuildPhase;
			buildActionMask = 2147483647;
			files = (
				DB4B343121637E7D005709E3 /* ViewController.swift in Sources */,
				DB4B342F21637E7D005709E3 /* AppDelegate.swift in Sources */,
			);
			runOnlyForDeploymentPostprocessing = 0;
		};
		DB7BB2062163BC5300FE9BE4 /* Sources */ = {
			isa = PBXSourcesBuildPhase;
			buildActionMask = 2147483647;
			files = (
				DB7BB2192163BD5500FE9BE4 /* API.swift in Sources */,
				DB8BF0F02164C62500AB8287 /* API+Keys.swift in Sources */,
				DB8BF0F22164C67100AB8287 /* API+Endpoints.swift in Sources */,
				DB7BB21B2163BD7900FE9BE4 /* API+Characters.swift in Sources */,
				DB8BF0FB2164D4CF00AB8287 /* RequestError.swift in Sources */,
				DB8BF0E12164AF9400AB8287 /* Dictionary+Filtering.swift in Sources */,
				DB7BB21D2163BDAA00FE9BE4 /* CharactersAPI+Get.swift in Sources */,
				DB7BB2442163C7CC00FE9BE4 /* AnyJSONTypeProtocol.swift in Sources */,
				DB7BB22B2163C38500FE9BE4 /* CharacterMappingEntity.swift in Sources */,
				DB7BB2492163C7CC00FE9BE4 /* KeyedEncodingContainer+JSONMapping.swift in Sources */,
				DB8BF0F92164D3F000AB8287 /* APIKeys+Marvel.swift in Sources */,
				DB7BB2482163C7CC00FE9BE4 /* AnyJSONType.swift in Sources */,
				DB8BF1042164E0B500AB8287 /* DataResult.swift in Sources */,
				DB7BB22E2163C49D00FE9BE4 /* EntityConvertible.swift in Sources */,
				DB7BB2262163C11C00FE9BE4 /* Character.swift in Sources */,
				DB7BB2222163BFAD00FE9BE4 /* CharacterOrderBy.swift in Sources */,
				DB8BF0E42164B0F000AB8287 /* Collection+ElementCheck.swift in Sources */,
				DB8BF0E62164B4AA00AB8287 /* ThumbnailMappingEntity.swift in Sources */,
				DB7BB24F2163C92600FE9BE4 /* Bool+Additions.swift in Sources */,
				DB8BF0F72164D1A600AB8287 /* APIEndpoints+Marvel.swift in Sources */,
				DB8BF0EE2164C42A00AB8287 /* Cursor.swift in Sources */,
				DB8BF0DB2164AF0B00AB8287 /* Sequence+Filtering.swift in Sources */,
				DB7BB2462163C7CC00FE9BE4 /* AnyJSONTypeValueMapper.swift in Sources */,
				DB7BB2472163C7CC00FE9BE4 /* Decodable+JSON.swift in Sources */,
				DB7BB2282163C24D00FE9BE4 /* Thumbnail.swift in Sources */,
				DB8BF0DE2164AF5500AB8287 /* Optional+TypeProtocol.swift in Sources */,
				DB7BB24B2163C7CC00FE9BE4 /* Encodable+JSON.swift in Sources */,
				DB7BB2452163C7CC00FE9BE4 /* JSONEncodingError.swift in Sources */,
				DB8BF1012164DB9400AB8287 /* CharactersFilterMappingEntity.swift in Sources */,
				DB7BB24A2163C7CC00FE9BE4 /* KeyedDecodingContainer+JSONMapping.swift in Sources */,
				DB8BF0FF2164D8D200AB8287 /* CursorMappingEntity.swift in Sources */,
				DB7BB23F2163C7CC00FE9BE4 /* JSONTypeRawRepresentable.swift in Sources */,
				DB8BF0F52164CF9800AB8287 /* String+MD5.swift in Sources */,
				DB8BF0E92164B63E00AB8287 /* MappingError.swift in Sources */,
				DB8BF0EC2164C40100AB8287 /* CharactersFilter.swift in Sources */,
				DB8BF1062164E12C00AB8287 /* DataResultMappingEntity.swift in Sources */,
			);
			runOnlyForDeploymentPostprocessing = 0;
		};
/* End PBXSourcesBuildPhase section */

/* Begin PBXTargetDependency section */
		DB7BB2102163BC5400FE9BE4 /* PBXTargetDependency */ = {
			isa = PBXTargetDependency;
			target = DB7BB2092163BC5300FE9BE4 /* WallaMarvelAPI */;
			targetProxy = DB7BB20F2163BC5400FE9BE4 /* PBXContainerItemProxy */;
		};
/* End PBXTargetDependency section */

/* Begin PBXVariantGroup section */
		DB4B343221637E7D005709E3 /* Main.storyboard */ = {
			isa = PBXVariantGroup;
			children = (
				DB4B343321637E7D005709E3 /* Base */,
			);
			name = Main.storyboard;
			sourceTree = "<group>";
		};
/* End PBXVariantGroup section */

/* Begin XCBuildConfiguration section */
		DB4B343B21637E7F005709E3 /* Debug */ = {
			isa = XCBuildConfiguration;
			buildSettings = {
				ALWAYS_SEARCH_USER_PATHS = NO;
				CLANG_ANALYZER_NONNULL = YES;
				CLANG_ANALYZER_NUMBER_OBJECT_CONVERSION = YES_AGGRESSIVE;
				CLANG_CXX_LANGUAGE_STANDARD = "gnu++14";
				CLANG_CXX_LIBRARY = "libc++";
				CLANG_ENABLE_MODULES = YES;
				CLANG_ENABLE_OBJC_ARC = YES;
				CLANG_ENABLE_OBJC_WEAK = YES;
				CLANG_WARN_BLOCK_CAPTURE_AUTORELEASING = YES;
				CLANG_WARN_BOOL_CONVERSION = YES;
				CLANG_WARN_COMMA = YES;
				CLANG_WARN_CONSTANT_CONVERSION = YES;
				CLANG_WARN_DEPRECATED_OBJC_IMPLEMENTATIONS = YES;
				CLANG_WARN_DIRECT_OBJC_ISA_USAGE = YES_ERROR;
				CLANG_WARN_DOCUMENTATION_COMMENTS = YES;
				CLANG_WARN_EMPTY_BODY = YES;
				CLANG_WARN_ENUM_CONVERSION = YES;
				CLANG_WARN_INFINITE_RECURSION = YES;
				CLANG_WARN_INT_CONVERSION = YES;
				CLANG_WARN_NON_LITERAL_NULL_CONVERSION = YES;
				CLANG_WARN_OBJC_IMPLICIT_RETAIN_SELF = YES;
				CLANG_WARN_OBJC_LITERAL_CONVERSION = YES;
				CLANG_WARN_OBJC_ROOT_CLASS = YES_ERROR;
				CLANG_WARN_RANGE_LOOP_ANALYSIS = YES;
				CLANG_WARN_STRICT_PROTOTYPES = YES;
				CLANG_WARN_SUSPICIOUS_MOVE = YES;
				CLANG_WARN_UNGUARDED_AVAILABILITY = YES_AGGRESSIVE;
				CLANG_WARN_UNREACHABLE_CODE = YES;
				CLANG_WARN__DUPLICATE_METHOD_MATCH = YES;
				CODE_SIGN_IDENTITY = "iPhone Developer";
				COPY_PHASE_STRIP = NO;
				DEBUG_INFORMATION_FORMAT = dwarf;
				ENABLE_STRICT_OBJC_MSGSEND = YES;
				ENABLE_TESTABILITY = YES;
				GCC_C_LANGUAGE_STANDARD = gnu11;
				GCC_DYNAMIC_NO_PIC = NO;
				GCC_NO_COMMON_BLOCKS = YES;
				GCC_OPTIMIZATION_LEVEL = 0;
				GCC_PREPROCESSOR_DEFINITIONS = (
					"DEBUG=1",
					"$(inherited)",
				);
				GCC_WARN_64_TO_32_BIT_CONVERSION = YES;
				GCC_WARN_ABOUT_RETURN_TYPE = YES_ERROR;
				GCC_WARN_UNDECLARED_SELECTOR = YES;
				GCC_WARN_UNINITIALIZED_AUTOS = YES_AGGRESSIVE;
				GCC_WARN_UNUSED_FUNCTION = YES;
				GCC_WARN_UNUSED_VARIABLE = YES;
				IPHONEOS_DEPLOYMENT_TARGET = 12.0;
				MTL_ENABLE_DEBUG_INFO = INCLUDE_SOURCE;
				MTL_FAST_MATH = YES;
				ONLY_ACTIVE_ARCH = YES;
				SDKROOT = iphoneos;
				SWIFT_ACTIVE_COMPILATION_CONDITIONS = DEBUG;
				SWIFT_OPTIMIZATION_LEVEL = "-Onone";
			};
			name = Debug;
		};
		DB4B343C21637E7F005709E3 /* Release */ = {
			isa = XCBuildConfiguration;
			buildSettings = {
				ALWAYS_SEARCH_USER_PATHS = NO;
				CLANG_ANALYZER_NONNULL = YES;
				CLANG_ANALYZER_NUMBER_OBJECT_CONVERSION = YES_AGGRESSIVE;
				CLANG_CXX_LANGUAGE_STANDARD = "gnu++14";
				CLANG_CXX_LIBRARY = "libc++";
				CLANG_ENABLE_MODULES = YES;
				CLANG_ENABLE_OBJC_ARC = YES;
				CLANG_ENABLE_OBJC_WEAK = YES;
				CLANG_WARN_BLOCK_CAPTURE_AUTORELEASING = YES;
				CLANG_WARN_BOOL_CONVERSION = YES;
				CLANG_WARN_COMMA = YES;
				CLANG_WARN_CONSTANT_CONVERSION = YES;
				CLANG_WARN_DEPRECATED_OBJC_IMPLEMENTATIONS = YES;
				CLANG_WARN_DIRECT_OBJC_ISA_USAGE = YES_ERROR;
				CLANG_WARN_DOCUMENTATION_COMMENTS = YES;
				CLANG_WARN_EMPTY_BODY = YES;
				CLANG_WARN_ENUM_CONVERSION = YES;
				CLANG_WARN_INFINITE_RECURSION = YES;
				CLANG_WARN_INT_CONVERSION = YES;
				CLANG_WARN_NON_LITERAL_NULL_CONVERSION = YES;
				CLANG_WARN_OBJC_IMPLICIT_RETAIN_SELF = YES;
				CLANG_WARN_OBJC_LITERAL_CONVERSION = YES;
				CLANG_WARN_OBJC_ROOT_CLASS = YES_ERROR;
				CLANG_WARN_RANGE_LOOP_ANALYSIS = YES;
				CLANG_WARN_STRICT_PROTOTYPES = YES;
				CLANG_WARN_SUSPICIOUS_MOVE = YES;
				CLANG_WARN_UNGUARDED_AVAILABILITY = YES_AGGRESSIVE;
				CLANG_WARN_UNREACHABLE_CODE = YES;
				CLANG_WARN__DUPLICATE_METHOD_MATCH = YES;
				CODE_SIGN_IDENTITY = "iPhone Developer";
				COPY_PHASE_STRIP = NO;
				DEBUG_INFORMATION_FORMAT = "dwarf-with-dsym";
				ENABLE_NS_ASSERTIONS = NO;
				ENABLE_STRICT_OBJC_MSGSEND = YES;
				GCC_C_LANGUAGE_STANDARD = gnu11;
				GCC_NO_COMMON_BLOCKS = YES;
				GCC_WARN_64_TO_32_BIT_CONVERSION = YES;
				GCC_WARN_ABOUT_RETURN_TYPE = YES_ERROR;
				GCC_WARN_UNDECLARED_SELECTOR = YES;
				GCC_WARN_UNINITIALIZED_AUTOS = YES_AGGRESSIVE;
				GCC_WARN_UNUSED_FUNCTION = YES;
				GCC_WARN_UNUSED_VARIABLE = YES;
				IPHONEOS_DEPLOYMENT_TARGET = 12.0;
				MTL_ENABLE_DEBUG_INFO = NO;
				MTL_FAST_MATH = YES;
				SDKROOT = iphoneos;
				SWIFT_COMPILATION_MODE = wholemodule;
				SWIFT_OPTIMIZATION_LEVEL = "-O";
				VALIDATE_PRODUCT = YES;
			};
			name = Release;
		};
		DB4B343E21637E7F005709E3 /* Debug */ = {
			isa = XCBuildConfiguration;
			baseConfigurationReference = 609A88AB3BFA136327347788 /* Pods-WallaMarvel.debug.xcconfig */;
			buildSettings = {
				ALWAYS_EMBED_SWIFT_STANDARD_LIBRARIES = YES;
				ASSETCATALOG_COMPILER_APPICON_NAME = AppIcon;
				CODE_SIGN_STYLE = Automatic;
				DEVELOPMENT_TEAM = "";
				INFOPLIST_FILE = "$(SRCROOT)/WallaMarvel/Resources/Info.plist";
				LD_RUNPATH_SEARCH_PATHS = (
					"$(inherited)",
					"@executable_path/Frameworks",
				);
				PRODUCT_BUNDLE_IDENTIFIER = com.machipla.WallaMarvel;
				PRODUCT_NAME = "$(TARGET_NAME)";
				SWIFT_VERSION = 4.2;
				TARGETED_DEVICE_FAMILY = "1,2";
			};
			name = Debug;
		};
		DB4B343F21637E7F005709E3 /* Release */ = {
			isa = XCBuildConfiguration;
			baseConfigurationReference = 1F922AF8B49D9539E7DC8315 /* Pods-WallaMarvel.release.xcconfig */;
			buildSettings = {
				ALWAYS_EMBED_SWIFT_STANDARD_LIBRARIES = YES;
				ASSETCATALOG_COMPILER_APPICON_NAME = AppIcon;
				CODE_SIGN_STYLE = Automatic;
				DEVELOPMENT_TEAM = "";
				INFOPLIST_FILE = "$(SRCROOT)/WallaMarvel/Resources/Info.plist";
				LD_RUNPATH_SEARCH_PATHS = (
					"$(inherited)",
					"@executable_path/Frameworks",
				);
				PRODUCT_BUNDLE_IDENTIFIER = com.machipla.WallaMarvel;
				PRODUCT_NAME = "$(TARGET_NAME)";
				SWIFT_VERSION = 4.2;
				TARGETED_DEVICE_FAMILY = "1,2";
			};
			name = Release;
		};
		DB7BB2132163BC5400FE9BE4 /* Debug */ = {
			isa = XCBuildConfiguration;
			baseConfigurationReference = 0B67C236611D8B607AF37C3D /* Pods-WallaMarvelAPI.debug.xcconfig */;
			buildSettings = {
				CLANG_ENABLE_MODULES = YES;
				CODE_SIGN_IDENTITY = "";
				CODE_SIGN_STYLE = Automatic;
				CURRENT_PROJECT_VERSION = 1;
				DEFINES_MODULE = YES;
				DEVELOPMENT_TEAM = "";
				DYLIB_COMPATIBILITY_VERSION = 1;
				DYLIB_CURRENT_VERSION = 1;
				DYLIB_INSTALL_NAME_BASE = "@rpath";
				INFOPLIST_FILE = WallaMarvelAPI/Info.plist;
				INSTALL_PATH = "$(LOCAL_LIBRARY_DIR)/Frameworks";
				IPHONEOS_DEPLOYMENT_TARGET = 9.0;
				LD_RUNPATH_SEARCH_PATHS = (
					"$(inherited)",
					"@executable_path/Frameworks",
					"@loader_path/Frameworks",
				);
				PRODUCT_BUNDLE_IDENTIFIER = com.machipla.WallaMarvelAPI;
				PRODUCT_NAME = "$(TARGET_NAME:c99extidentifier)";
				SKIP_INSTALL = YES;
				SWIFT_OPTIMIZATION_LEVEL = "-Onone";
				SWIFT_VERSION = 4.2;
				TARGETED_DEVICE_FAMILY = "1,2";
				VERSIONING_SYSTEM = "apple-generic";
				VERSION_INFO_PREFIX = "";
			};
			name = Debug;
		};
		DB7BB2142163BC5400FE9BE4 /* Release */ = {
			isa = XCBuildConfiguration;
			baseConfigurationReference = 574A56B66781F4676B60CA03 /* Pods-WallaMarvelAPI.release.xcconfig */;
			buildSettings = {
				CLANG_ENABLE_MODULES = YES;
				CODE_SIGN_IDENTITY = "";
				CODE_SIGN_STYLE = Automatic;
				CURRENT_PROJECT_VERSION = 1;
				DEFINES_MODULE = YES;
				DEVELOPMENT_TEAM = "";
				DYLIB_COMPATIBILITY_VERSION = 1;
				DYLIB_CURRENT_VERSION = 1;
				DYLIB_INSTALL_NAME_BASE = "@rpath";
				INFOPLIST_FILE = WallaMarvelAPI/Info.plist;
				INSTALL_PATH = "$(LOCAL_LIBRARY_DIR)/Frameworks";
				IPHONEOS_DEPLOYMENT_TARGET = 9.0;
				LD_RUNPATH_SEARCH_PATHS = (
					"$(inherited)",
					"@executable_path/Frameworks",
					"@loader_path/Frameworks",
				);
				PRODUCT_BUNDLE_IDENTIFIER = com.machipla.WallaMarvelAPI;
				PRODUCT_NAME = "$(TARGET_NAME:c99extidentifier)";
				SKIP_INSTALL = YES;
				SWIFT_VERSION = 4.2;
				TARGETED_DEVICE_FAMILY = "1,2";
				VERSIONING_SYSTEM = "apple-generic";
				VERSION_INFO_PREFIX = "";
			};
			name = Release;
		};
/* End XCBuildConfiguration section */

/* Begin XCConfigurationList section */
		DB4B342621637E7D005709E3 /* Build configuration list for PBXProject "WallaMarvel" */ = {
			isa = XCConfigurationList;
			buildConfigurations = (
				DB4B343B21637E7F005709E3 /* Debug */,
				DB4B343C21637E7F005709E3 /* Release */,
			);
			defaultConfigurationIsVisible = 0;
			defaultConfigurationName = Release;
		};
		DB4B343D21637E7F005709E3 /* Build configuration list for PBXNativeTarget "WallaMarvel" */ = {
			isa = XCConfigurationList;
			buildConfigurations = (
				DB4B343E21637E7F005709E3 /* Debug */,
				DB4B343F21637E7F005709E3 /* Release */,
			);
			defaultConfigurationIsVisible = 0;
			defaultConfigurationName = Release;
		};
		DB7BB2152163BC5400FE9BE4 /* Build configuration list for PBXNativeTarget "WallaMarvelAPI" */ = {
			isa = XCConfigurationList;
			buildConfigurations = (
				DB7BB2132163BC5400FE9BE4 /* Debug */,
				DB7BB2142163BC5400FE9BE4 /* Release */,
			);
			defaultConfigurationIsVisible = 0;
			defaultConfigurationName = Release;
		};
/* End XCConfigurationList section */
	};
	rootObject = DB4B342321637E7D005709E3 /* Project object */;
}
